
Microsoft Visual Studio Solution File, Format Version 12.00
# Visual Studio 15
VisualStudioVersion = 15.0.27703.2047
MinimumVisualStudioVersion = 10.0.40219.1
Project("{8BC9CEB8-8B4A-11D0-8D11-00A0C91BC942}") = "ギャラクシアン　Var1.2", "ギャラクシアン　Var1.2.vcxproj", "{19EE4DFC-CBDA-4C60-AD25-4AAB711BA278}"
EndProject
Global
	GlobalSection(SolutionConfigurationPlatforms) = preSolution
		Debug|x64 = Debug|x64
		Debug|x86 = Debug|x86
		Release|x64 = Release|x64
		Release|x86 = Release|x86
	EndGlobalSection
	GlobalSection(ProjectConfigurationPlatforms) = postSolution
		{19EE4DFC-CBDA-4C60-AD25-4AAB711BA278}.Debug|x64.ActiveCfg = Debug|x64
		{19EE4DFC-CBDA-4C60-AD25-4AAB711BA278}.Debug|x64.Build.0 = Debug|x64
		{19EE4DFC-CBDA-4C60-AD25-4AAB711BA278}.Debug|x86.ActiveCfg = Debug|Win32
		{19EE4DFC-CBDA-4C60-AD25-4AAB711BA278}.Debug|x86.Build.0 = Debug|Win32
		{19EE4DFC-CBDA-4C60-AD25-4AAB711BA278}.Release|x64.ActiveCfg = Release|x64
		{19EE4DFC-CBDA-4C60-AD25-4AAB711BA278}.Release|x64.Build.0 = Release|x64
		{19EE4DFC-CBDA-4C60-AD25-4AAB711BA278}.Release|x86.ActiveCfg = Release|Win32
		{19EE4DFC-CBDA-4C60-AD25-4AAB711BA278}.Release|x86.Build.0 = Release|Win32
	EndGlobalSection
	GlobalSection(SolutionProperties) = preSolution
		HideSolutionNode = FALSE
	EndGlobalSection
	GlobalSection(ExtensibilityGlobals) = postSolution
		SolutionGuid = {A9040AA1-D95B-4514-AF83-91DF99B3D620}
	EndGlobalSection
EndGlobal
